
Microsoft Visual Studio Solution File, Format Version 12.00
# Visual Studio Version 17
VisualStudioVersion = 17.2.32616.157
MinimumVisualStudioVersion = 10.0.40219.1
Project("{FAE04EC0-301F-11D3-BF4B-00C04F79EFBC}") = "NewsAggregator.Api", "NewsAggregator.Api\NewsAggregator.Api.csproj", "{6402D562-BA0D-43FC-8716-243A2DD5148C}"
EndProject
Project("{FAE04EC0-301F-11D3-BF4B-00C04F79EFBC}") = "NewsAggregator.DataAccess", "NewsAggregator.DataAccess\NewsAggregator.DataAccess.csproj", "{82E29162-6ABF-407F-BDB2-9ED07563B0D0}"
EndProject
Project("{FAE04EC0-301F-11D3-BF4B-00C04F79EFBC}") = "NewsAggregator.Domain", "NewsAggregator.Domain\NewsAggregator.Domain.csproj", "{A921CECC-E315-4188-AEE4-2DE4CF805371}"
EndProject
Project("{FAE04EC0-301F-11D3-BF4B-00C04F79EFBC}") = "NewsAggregator.InterfaceModels", "NewsAggregator.InterfaceModels\NewsAggregator.InterfaceModels.csproj", "{B1556F3E-A513-42AA-A639-A2404F8F3A11}"
EndProject
Project("{FAE04EC0-301F-11D3-BF4B-00C04F79EFBC}") = "NewsAggregator.Mappers", "NewsAggregator.Mappers\NewsAggregator.Mappers.csproj", "{863CAFA5-06CC-4647-95A4-FC813B6C6D3F}"
EndProject
Project("{FAE04EC0-301F-11D3-BF4B-00C04F79EFBC}") = "NewsAggregator.Services", "NewsAggregator.Services\NewsAggregator.Services.csproj", "{B1A95188-CE95-4394-B92D-23921F412D00}"
EndProject
Project("{FAE04EC0-301F-11D3-BF4B-00C04F79EFBC}") = "NewsAggregator.Utilities", "NewsAggregator.Utilities\NewsAggregator.Utilities.csproj", "{83D6DF88-A3BB-47E4-B699-EFC265317B4A}"
EndProject
Global
	GlobalSection(SolutionConfigurationPlatforms) = preSolution
		Debug|Any CPU = Debug|Any CPU
		Release|Any CPU = Release|Any CPU
	EndGlobalSection
	GlobalSection(ProjectConfigurationPlatforms) = postSolution
		{6402D562-BA0D-43FC-8716-243A2DD5148C}.Debug|Any CPU.ActiveCfg = Debug|Any CPU
		{6402D562-BA0D-43FC-8716-243A2DD5148C}.Debug|Any CPU.Build.0 = Debug|Any CPU
		{6402D562-BA0D-43FC-8716-243A2DD5148C}.Release|Any CPU.ActiveCfg = Release|Any CPU
		{6402D562-BA0D-43FC-8716-243A2DD5148C}.Release|Any CPU.Build.0 = Release|Any CPU
		{82E29162-6ABF-407F-BDB2-9ED07563B0D0}.Debug|Any CPU.ActiveCfg = Debug|Any CPU
		{82E29162-6ABF-407F-BDB2-9ED07563B0D0}.Debug|Any CPU.Build.0 = Debug|Any CPU
		{82E29162-6ABF-407F-BDB2-9ED07563B0D0}.Release|Any CPU.ActiveCfg = Release|Any CPU
		{82E29162-6ABF-407F-BDB2-9ED07563B0D0}.Release|Any CPU.Build.0 = Release|Any CPU
		{A921CECC-E315-4188-AEE4-2DE4CF805371}.Debug|Any CPU.ActiveCfg = Debug|Any CPU
		{A921CECC-E315-4188-AEE4-2DE4CF805371}.Debug|Any CPU.Build.0 = Debug|Any CPU
		{A921CECC-E315-4188-AEE4-2DE4CF805371}.Release|Any CPU.ActiveCfg = Release|Any CPU
		{A921CECC-E315-4188-AEE4-2DE4CF805371}.Release|Any CPU.Build.0 = Release|Any CPU
		{B1556F3E-A513-42AA-A639-A2404F8F3A11}.Debug|Any CPU.ActiveCfg = Debug|Any CPU
		{B1556F3E-A513-42AA-A639-A2404F8F3A11}.Debug|Any CPU.Build.0 = Debug|Any CPU
		{B1556F3E-A513-42AA-A639-A2404F8F3A11}.Release|Any CPU.ActiveCfg = Release|Any CPU
		{B1556F3E-A513-42AA-A639-A2404F8F3A11}.Release|Any CPU.Build.0 = Release|Any CPU
		{863CAFA5-06CC-4647-95A4-FC813B6C6D3F}.Debug|Any CPU.ActiveCfg = Debug|Any CPU
		{863CAFA5-06CC-4647-95A4-FC813B6C6D3F}.Debug|Any CPU.Build.0 = Debug|Any CPU
		{863CAFA5-06CC-4647-95A4-FC813B6C6D3F}.Release|Any CPU.ActiveCfg = Release|Any CPU
		{863CAFA5-06CC-4647-95A4-FC813B6C6D3F}.Release|Any CPU.Build.0 = Release|Any CPU
		{B1A95188-CE95-4394-B92D-23921F412D00}.Debug|Any CPU.ActiveCfg = Debug|Any CPU
		{B1A95188-CE95-4394-B92D-23921F412D00}.Debug|Any CPU.Build.0 = Debug|Any CPU
		{B1A95188-CE95-4394-B92D-23921F412D00}.Release|Any CPU.ActiveCfg = Release|Any CPU
		{B1A95188-CE95-4394-B92D-23921F412D00}.Release|Any CPU.Build.0 = Release|Any CPU
		{83D6DF88-A3BB-47E4-B699-EFC265317B4A}.Debug|Any CPU.ActiveCfg = Debug|Any CPU
		{83D6DF88-A3BB-47E4-B699-EFC265317B4A}.Debug|Any CPU.Build.0 = Debug|Any CPU
		{83D6DF88-A3BB-47E4-B699-EFC265317B4A}.Release|Any CPU.ActiveCfg = Release|Any CPU
		{83D6DF88-A3BB-47E4-B699-EFC265317B4A}.Release|Any CPU.Build.0 = Release|Any CPU
	EndGlobalSection
	GlobalSection(SolutionProperties) = preSolution
		HideSolutionNode = FALSE
	EndGlobalSection
	GlobalSection(ExtensibilityGlobals) = postSolution
		SolutionGuid = {ADCD8B8A-7E08-4BCB-90E4-8FAEB9A7E980}
	EndGlobalSection
EndGlobal
